// !$*UTF8*$!
{
	archiveVersion = 1;
	classes = {
	};
	objectVersion = 50;
	objects = {

/* Begin PBXBuildFile section */
		826659AE26076734006E9DBE /* AppDelegate.swift in Sources */ = {isa = PBXBuildFile; fileRef = 826659AD26076734006E9DBE /* AppDelegate.swift */; };
		826659B026076734006E9DBE /* SceneDelegate.swift in Sources */ = {isa = PBXBuildFile; fileRef = 826659AF26076734006E9DBE /* SceneDelegate.swift */; };
		826659B226076734006E9DBE /* ViewController.swift in Sources */ = {isa = PBXBuildFile; fileRef = 826659B126076734006E9DBE /* ViewController.swift */; };
		826659B526076734006E9DBE /* Main.storyboard in Resources */ = {isa = PBXBuildFile; fileRef = 826659B326076734006E9DBE /* Main.storyboard */; };
		826659B726076736006E9DBE /* Assets.xcassets in Resources */ = {isa = PBXBuildFile; fileRef = 826659B626076736006E9DBE /* Assets.xcassets */; };
		826659BA26076736006E9DBE /* LaunchScreen.storyboard in Resources */ = {isa = PBXBuildFile; fileRef = 826659B826076736006E9DBE /* LaunchScreen.storyboard */; };
		826659C326076761006E9DBE /* LoopedScrollView.swift in Sources */ = {isa = PBXBuildFile; fileRef = 826659C226076761006E9DBE /* LoopedScrollView.swift */; };
		826659C626076792006E9DBE /* UIView+Layout.swift in Sources */ = {isa = PBXBuildFile; fileRef = 826659C526076792006E9DBE /* UIView+Layout.swift */; };
/* End PBXBuildFile section */

/* Begin PBXFileReference section */
		826659AA26076734006E9DBE /* LoopedScrollViewDemo.app */ = {isa = PBXFileReference; explicitFileType = wrapper.application; includeInIndex = 0; path = LoopedScrollViewDemo.app; sourceTree = BUILT_PRODUCTS_DIR; };
		826659AD26076734006E9DBE /* AppDelegate.swift */ = {isa = PBXFileReference; lastKnownFileType = sourcecode.swift; path = AppDelegate.swift; sourceTree = "<group>"; };
		826659AF26076734006E9DBE /* SceneDelegate.swift */ = {isa = PBXFileReference; lastKnownFileType = sourcecode.swift; path = SceneDelegate.swift; sourceTree = "<group>"; };
		826659B126076734006E9DBE /* ViewController.swift */ = {isa = PBXFileReference; lastKnownFileType = sourcecode.swift; path = ViewController.swift; sourceTree = "<group>"; };
		826659B426076734006E9DBE /* Base */ = {isa = PBXFileReference; lastKnownFileType = file.storyboard; name = Base; path = Base.lproj/Main.storyboard; sourceTree = "<group>"; };
		826659B626076736006E9DBE /* Assets.xcassets */ = {isa = PBXFileReference; lastKnownFileType = folder.assetcatalog; path = Assets.xcassets; sourceTree = "<group>"; };
		826659B926076736006E9DBE /* Base */ = {isa = PBXFileReference; lastKnownFileType = file.storyboard; name = Base; path = Base.lproj/LaunchScreen.storyboard; sourceTree = "<group>"; };
		826659BB26076736006E9DBE /* Info.plist */ = {isa = PBXFileReference; lastKnownFileType = text.plist.xml; path = Info.plist; sourceTree = "<group>"; };
		826659C226076761006E9DBE /* LoopedScrollView.swift */ = {isa = PBXFileReference; fileEncoding = 4; lastKnownFileType = sourcecode.swift; path = LoopedScrollView.swift; sourceTree = "<group>"; };
		826659C526076792006E9DBE /* UIView+Layout.swift */ = {isa = PBXFileReference; lastKnownFileType = sourcecode.swift; path = "UIView+Layout.swift"; sourceTree = "<group>"; };
/* End PBXFileReference section */

/* Begin PBXFrameworksBuildPhase section */
		826659A726076734006E9DBE /* Frameworks */ = {
			isa = PBXFrameworksBuildPhase;
			buildActionMask = 2147483647;
			files = (
			);
			runOnlyForDeploymentPostprocessing = 0;
		};
/* End PBXFrameworksBuildPhase section */

/* Begin PBXGroup section */
		826659A126076734006E9DBE = {
			isa = PBXGroup;
			children = (
				826659C526076792006E9DBE /* UIView+Layout.swift */,
				826659C226076761006E9DBE /* LoopedScrollView.swift */,
				826659AC26076734006E9DBE /* LoopedScrollViewDemo */,
				826659AB26076734006E9DBE /* Products */,
			);
			sourceTree = "<group>";
		};
		826659AB26076734006E9DBE /* Products */ = {
			isa = PBXGroup;
			children = (
				826659AA26076734006E9DBE /* LoopedScrollViewDemo.app */,
			);
			name = Products;
			sourceTree = "<group>";
		};
		826659AC26076734006E9DBE /* LoopedScrollViewDemo */ = {
			isa = PBXGroup;
			children = (
				826659AD26076734006E9DBE /* AppDelegate.swift */,
				826659AF26076734006E9DBE /* SceneDelegate.swift */,
				826659B126076734006E9DBE /* ViewController.swift */,
				826659B326076734006E9DBE /* Main.storyboard */,
				826659B626076736006E9DBE /* Assets.xcassets */,
				826659B826076736006E9DBE /* LaunchScreen.storyboard */,
				826659BB26076736006E9DBE /* Info.plist */,
			);
			path = LoopedScrollViewDemo;
			sourceTree = "<group>";
		};
/* End PBXGroup section */

/* Begin PBXNativeTarget section */
		826659A926076734006E9DBE /* LoopedScrollViewDemo */ = {
			isa = PBXNativeTarget;
			buildConfigurationList = 826659BE26076736006E9DBE /* Build configuration list for PBXNativeTarget "LoopedScrollViewDemo" */;
			buildPhases = (
				826659A626076734006E9DBE /* Sources */,
				826659A726076734006E9DBE /* Frameworks */,
				826659A826076734006E9DBE /* Resources */,
			);
			buildRules = (
			);
			dependencies = (
			);
			name = LoopedScrollViewDemo;
			productName = LoopedScrollViewDemo;
			productReference = 826659AA26076734006E9DBE /* LoopedScrollViewDemo.app */;
			productType = "com.apple.product-type.application";
		};
/* End PBXNativeTarget section */

/* Begin PBXProject section */
		826659A226076734006E9DBE /* Project object */ = {
			isa = PBXProject;
			attributes = {
				LastSwiftUpdateCheck = 1240;
				LastUpgradeCheck = 1240;
				TargetAttributes = {
					826659A926076734006E9DBE = {
						CreatedOnToolsVersion = 12.4;
					};
				};
			};
			buildConfigurationList = 826659A526076734006E9DBE /* Build configuration list for PBXProject "LoopedScrollViewDemo" */;
			compatibilityVersion = "Xcode 9.3";
			developmentRegion = en;
			hasScannedForEncodings = 0;
			knownRegions = (
				en,
				Base,
			);
			mainGroup = 826659A126076734006E9DBE;
			productRefGroup = 826659AB26076734006E9DBE /* Products */;
			projectDirPath = "";
			projectRoot = "";
			targets = (
				826659A926076734006E9DBE /* LoopedScrollViewDemo */,
			);
		};
/* End PBXProject section */

/* Begin PBXResourcesBuildPhase section */
		826659A826076734006E9DBE /* Resources */ = {
			isa = PBXResourcesBuildPhase;
			buildActionMask = 2147483647;
			files = (
				826659BA26076736006E9DBE /* LaunchScreen.storyboard in Resources */,
				826659B726076736006E9DBE /* Assets.xcassets in Resources */,
				826659B526076734006E9DBE /* Main.storyboard in Resources */,
			);
			runOnlyForDeploymentPostprocessing = 0;
		};
/* End PBXResourcesBuildPhase section */

/* Begin PBXSourcesBuildPhase section */
		826659A626076734006E9DBE /* Sources */ = {
			isa = PBXSourcesBuildPhase;
			buildActionMask = 2147483647;
			files = (
				826659B226076734006E9DBE /* ViewController.swift in Sources */,
				826659AE26076734006E9DBE /* AppDelegate.swift in Sources */,
				826659C326076761006E9DBE /* LoopedScrollView.swift in Sources */,
				826659B026076734006E9DBE /* SceneDelegate.swift in Sources */,
				826659C626076792006E9DBE /* UIView+Layout.swift in Sources */,
			);
			runOnlyForDeploymentPostprocessing = 0;
		};
/* End PBXSourcesBuildPhase section */

/* Begin PBXVariantGroup section */
		826659B326076734006E9DBE /* Main.storyboard */ = {
			isa = PBXVariantGroup;
			children = (
				826659B426076734006E9DBE /* Base */,
			);
			name = Main.storyboard;
			sourceTree = "<group>";
		};
		826659B826076736006E9DBE /* LaunchScreen.storyboard */ = {
			isa = PBXVariantGroup;
			children = (
				826659B926076736006E9DBE /* Base */,
			);
			name = LaunchScreen.storyboard;
			sourceTree = "<group>";
		};
/* End PBXVariantGroup section */

/* Begin XCBuildConfiguration section */
		826659BC26076736006E9DBE /* Debug */ = {
			isa = XCBuildConfiguration;
			buildSettings = {
				ALWAYS_SEARCH_USER_PATHS = NO;
				CLANG_ANALYZER_NONNULL = YES;
				CLANG_ANALYZER_NUMBER_OBJECT_CONVERSION = YES_AGGRESSIVE;
				CLANG_CXX_LANGUAGE_STANDARD = "gnu++14";
				CLANG_CXX_LIBRARY = "libc++";
				CLANG_ENABLE_MODULES = YES;
				CLANG_ENABLE_OBJC_ARC = YES;
				CLANG_ENABLE_OBJC_WEAK = YES;
				CLANG_WARN_BLOCK_CAPTURE_AUTORELEASING = YES;
				CLANG_WARN_BOOL_CONVERSION = YES;
				CLANG_WARN_COMMA = YES;
				CLANG_WARN_CONSTANT_CONVERSION = YES;
				CLANG_WARN_DEPRECATED_OBJC_IMPLEMENTATIONS = YES;
				CLANG_WARN_DIRECT_OBJC_ISA_USAGE = YES_ERROR;
				CLANG_WARN_DOCUMENTATION_COMMENTS = YES;
				CLANG_WARN_EMPTY_BODY = YES;
				CLANG_WARN_ENUM_CONVERSION = YES;
				CLANG_WARN_INFINITE_RECURSION = YES;
				CLANG_WARN_INT_CONVERSION = YES;
				CLANG_WARN_NON_LITERAL_NULL_CONVERSION = YES;
				CLANG_WARN_OBJC_IMPLICIT_RETAIN_SELF = YES;
				CLANG_WARN_OBJC_LITERAL_CONVERSION = YES;
				CLANG_WARN_OBJC_ROOT_CLASS = YES_ERROR;
				CLANG_WARN_QUOTED_INCLUDE_IN_FRAMEWORK_HEADER = YES;
				CLANG_WARN_RANGE_LOOP_ANALYSIS = YES;
				CLANG_WARN_STRICT_PROTOTYPES = YES;
				CLANG_WARN_SUSPICIOUS_MOVE = YES;
				CLANG_WARN_UNGUARDED_AVAILABILITY = YES_AGGRESSIVE;
				CLANG_WARN_UNREACHABLE_CODE = YES;
				CLANG_WARN__DUPLICATE_METHOD_MATCH = YES;
				COPY_PHASE_STRIP = NO;
				DEBUG_INFORMATION_FORMAT = dwarf;
				ENABLE_STRICT_OBJC_MSGSEND = YES;
				ENABLE_TESTABILITY = YES;
				GCC_C_LANGUAGE_STANDARD = gnu11;
				GCC_DYNAMIC_NO_PIC = NO;
				GCC_NO_COMMON_BLOCKS = YES;
				GCC_OPTIMIZATION_LEVEL = 0;
				GCC_PREPROCESSOR_DEFINITIONS = (
					"DEBUG=1",
					"$(inherited)",
				);
				GCC_WARN_64_TO_32_BIT_CONVERSION = YES;
				GCC_WARN_ABOUT_RETURN_TYPE = YES_ERROR;
				GCC_WARN_UNDECLARED_SELECTOR = YES;
				GCC_WARN_UNINITIALIZED_AUTOS = YES_AGGRESSIVE;
				GCC_WARN_UNUSED_FUNCTION = YES;
				GCC_WARN_UNUSED_VARIABLE = YES;
				IPHONEOS_DEPLOYMENT_TARGET = 14.4;
				MTL_ENABLE_DEBUG_INFO = INCLUDE_SOURCE;
				MTL_FAST_MATH = YES;
				ONLY_ACTIVE_ARCH = YES;
				SDKROOT = iphoneos;
				SWIFT_ACTIVE_COMPILATION_CONDITIONS = DEBUG;
				SWIFT_OPTIMIZATION_LEVEL = "-Onone";
			};
			name = Debug;
		};
		826659BD26076736006E9DBE /* Release */ = {
			isa = XCBuildConfiguration;
			buildSettings = {
				ALWAYS_SEARCH_USER_PATHS = NO;
				CLANG_ANALYZER_NONNULL = YES;
				CLANG_ANALYZER_NUMBER_OBJECT_CONVERSION = YES_AGGRESSIVE;
				CLANG_CXX_LANGUAGE_STANDARD = "gnu++14";
				CLANG_CXX_LIBRARY = "libc++";
				CLANG_ENABLE_MODULES = YES;
				CLANG_ENABLE_OBJC_ARC = YES;
				CLANG_ENABLE_OBJC_WEAK = YES;
				CLANG_WARN_BLOCK_CAPTURE_AUTORELEASING = YES;
				CLANG_WARN_BOOL_CONVERSION = YES;
				CLANG_WARN_COMMA = YES;
				CLANG_WARN_CONSTANT_CONVERSION = YES;
				CLANG_WARN_DEPRECATED_OBJC_IMPLEMENTATIONS = YES;
				CLANG_WARN_DIRECT_OBJC_ISA_USAGE = YES_ERROR;
				CLANG_WARN_DOCUMENTATION_COMMENTS = YES;
				CLANG_WARN_EMPTY_BODY = YES;
				CLANG_WARN_ENUM_CONVERSION = YES;
				CLANG_WARN_INFINITE_RECURSION = YES;
				CLANG_WARN_INT_CONVERSION = YES;
				CLANG_WARN_NON_LITERAL_NULL_CONVERSION = YES;
				CLANG_WARN_OBJC_IMPLICIT_RETAIN_SELF = YES;
				CLANG_WARN_OBJC_LITERAL_CONVERSION = YES;
				CLANG_WARN_OBJC_ROOT_CLASS = YES_ERROR;
				CLANG_WARN_QUOTED_INCLUDE_IN_FRAMEWORK_HEADER = YES;
				CLANG_WARN_RANGE_LOOP_ANALYSIS = YES;
				CLANG_WARN_STRICT_PROTOTYPES = YES;
				CLANG_WARN_SUSPICIOUS_MOVE = YES;
				CLANG_WARN_UNGUARDED_AVAILABILITY = YES_AGGRESSIVE;
				CLANG_WARN_UNREACHABLE_CODE = YES;
				CLANG_WARN__DUPLICATE_METHOD_MATCH = YES;
				COPY_PHASE_STRIP = NO;
				DEBUG_INFORMATION_FORMAT = "dwarf-with-dsym";
				ENABLE_NS_ASSERTIONS = NO;
				ENABLE_STRICT_OBJC_MSGSEND = YES;
				GCC_C_LANGUAGE_STANDARD = gnu11;
				GCC_NO_COMMON_BLOCKS = YES;
				GCC_WARN_64_TO_32_BIT_CONVERSION = YES;
				GCC_WARN_ABOUT_RETURN_TYPE = YES_ERROR;
				GCC_WARN_UNDECLARED_SELECTOR = YES;
				GCC_WARN_UNINITIALIZED_AUTOS = YES_AGGRESSIVE;
				GCC_WARN_UNUSED_FUNCTION = YES;
				GCC_WARN_UNUSED_VARIABLE = YES;
				IPHONEOS_DEPLOYMENT_TARGET = 14.4;
				MTL_ENABLE_DEBUG_INFO = NO;
				MTL_FAST_MATH = YES;
				SDKROOT = iphoneos;
				SWIFT_COMPILATION_MODE = wholemodule;
				SWIFT_OPTIMIZATION_LEVEL = "-O";
				VALIDATE_PRODUCT = YES;
			};
			name = Release;
		};
		826659BF26076736006E9DBE /* Debug */ = {
			isa = XCBuildConfiguration;
			buildSettings = {
				ASSETCATALOG_COMPILER_APPICON_NAME = AppIcon;
				ASSETCATALOG_COMPILER_GLOBAL_ACCENT_COLOR_NAME = AccentColor;
				CODE_SIGN_STYLE = Automatic;
				DEVELOPMENT_TEAM = T75B68U5S7;
				INFOPLIST_FILE = LoopedScrollViewDemo/Info.plist;
				LD_RUNPATH_SEARCH_PATHS = (
					"$(inherited)",
					"@executable_path/Frameworks",
				);
				PRODUCT_BUNDLE_IDENTIFIER = com.kostanian.LoopedScrollViewDemo.LoopedScrollViewDemo;
				PRODUCT_NAME = "$(TARGET_NAME)";
				SWIFT_VERSION = 5.0;
				TARGETED_DEVICE_FAMILY = "1,2";
			};
			name = Debug;
		};
		826659C026076736006E9DBE /* Release */ = {
			isa = XCBuildConfiguration;
			buildSettings = {
				ASSETCATALOG_COMPILER_APPICON_NAME = AppIcon;
				ASSETCATALOG_COMPILER_GLOBAL_ACCENT_COLOR_NAME = AccentColor;
				CODE_SIGN_STYLE = Automatic;
				DEVELOPMENT_TEAM = T75B68U5S7;
				INFOPLIST_FILE = LoopedScrollViewDemo/Info.plist;
				LD_RUNPATH_SEARCH_PATHS = (
					"$(inherited)",
					"@executable_path/Frameworks",
				);
				PRODUCT_BUNDLE_IDENTIFIER = com.kostanian.LoopedScrollViewDemo.LoopedScrollViewDemo;
				PRODUCT_NAME = "$(TARGET_NAME)";
				SWIFT_VERSION = 5.0;
				TARGETED_DEVICE_FAMILY = "1,2";
			};
			name = Release;
		};
/* End XCBuildConfiguration section */

/* Begin XCConfigurationList section */
		826659A526076734006E9DBE /* Build configuration list for PBXProject "LoopedScrollViewDemo" */ = {
			isa = XCConfigurationList;
			buildConfigurations = (
				826659BC26076736006E9DBE /* Debug */,
				826659BD26076736006E9DBE /* Release */,
			);
			defaultConfigurationIsVisible = 0;
			defaultConfigurationName = Release;
		};
		826659BE26076736006E9DBE /* Build configuration list for PBXNativeTarget "LoopedScrollViewDemo" */ = {
			isa = XCConfigurationList;
			buildConfigurations = (
				826659BF26076736006E9DBE /* Debug */,
				826659C026076736006E9DBE /* Release */,
			);
			defaultConfigurationIsVisible = 0;
			defaultConfigurationName = Release;
		};
/* End XCConfigurationList section */
	};
	rootObject = 826659A226076734006E9DBE /* Project object */;
}
